
Microsoft Visual Studio Solution File, Format Version 12.00
# Visual Studio 2013
VisualStudioVersion = 12.0.31101.0
MinimumVisualStudioVersion = 10.0.40219.1
Project("{FAE04EC0-301F-11D3-BF4B-00C04F79EFBC}") = "AppVeyorDeployTest", "AppVeyorDeployTest\AppVeyorDeployTest.csproj", "{8EEA452C-7A0A-4AE6-8AFB-8005057C89F1}"
EndProject
Project("{FAE04EC0-301F-11D3-BF4B-00C04F79EFBC}") = "AppVeyorDeployTestTests", "AppVeyorDeploymentTestTests\AppVeyorDeployTestTests.csproj", "{70FC64A0-8C19-45C9-8C0A-5C55DE64D218}"
EndProject
Project("{2150E333-8FDC-42A3-9474-1A3956D46DE8}") = "Misc", "Misc", "{5752C394-5515-43CC-85E9-C8BFF978482F}"
	ProjectSection(SolutionItems) = preProject
		.gitignore = .gitignore
		appveyor.yml = appveyor.yml
		LICENSE = LICENSE
		README.md = README.md
	EndProjectSection
EndProject
Global
	GlobalSection(SolutionConfigurationPlatforms) = preSolution
		Debug|x64 = Debug|x64
		Debug|x86 = Debug|x86
		Release|x64 = Release|x64
		Release|x86 = Release|x86
	EndGlobalSection
	GlobalSection(ProjectConfigurationPlatforms) = postSolution
		{8EEA452C-7A0A-4AE6-8AFB-8005057C89F1}.Debug|x64.ActiveCfg = Debug|x64
		{8EEA452C-7A0A-4AE6-8AFB-8005057C89F1}.Debug|x64.Build.0 = Debug|x64
		{8EEA452C-7A0A-4AE6-8AFB-8005057C89F1}.Debug|x86.ActiveCfg = Debug|x86
		{8EEA452C-7A0A-4AE6-8AFB-8005057C89F1}.Debug|x86.Build.0 = Debug|x86
		{8EEA452C-7A0A-4AE6-8AFB-8005057C89F1}.Release|x64.ActiveCfg = Release|x64
		{8EEA452C-7A0A-4AE6-8AFB-8005057C89F1}.Release|x64.Build.0 = Release|x64
		{8EEA452C-7A0A-4AE6-8AFB-8005057C89F1}.Release|x86.ActiveCfg = Release|x86
		{8EEA452C-7A0A-4AE6-8AFB-8005057C89F1}.Release|x86.Build.0 = Release|x86
		{70FC64A0-8C19-45C9-8C0A-5C55DE64D218}.Debug|x64.ActiveCfg = Debug|x64
		{70FC64A0-8C19-45C9-8C0A-5C55DE64D218}.Debug|x64.Build.0 = Debug|x64
		{70FC64A0-8C19-45C9-8C0A-5C55DE64D218}.Debug|x86.ActiveCfg = Debug|x86
		{70FC64A0-8C19-45C9-8C0A-5C55DE64D218}.Debug|x86.Build.0 = Debug|x86
		{70FC64A0-8C19-45C9-8C0A-5C55DE64D218}.Release|x64.ActiveCfg = Release|x64
		{70FC64A0-8C19-45C9-8C0A-5C55DE64D218}.Release|x64.Build.0 = Release|x64
		{70FC64A0-8C19-45C9-8C0A-5C55DE64D218}.Release|x86.ActiveCfg = Release|x86
		{70FC64A0-8C19-45C9-8C0A-5C55DE64D218}.Release|x86.Build.0 = Release|x86
	EndGlobalSection
	GlobalSection(SolutionProperties) = preSolution
		HideSolutionNode = FALSE
	EndGlobalSection
EndGlobal
